// !$*UTF8*$!
{
	archiveVersion = 1;
	classes = {
	};
	objectVersion = 46;
	objects = {

/* Begin PBXBuildFile section */
		869A1EF41CF69971001B5BA8 /* AppDelegate.swift in Sources */ = {isa = PBXBuildFile; fileRef = 869A1EF31CF69971001B5BA8 /* AppDelegate.swift */; };
		869A1EF61CF69971001B5BA8 /* ViewController.swift in Sources */ = {isa = PBXBuildFile; fileRef = 869A1EF51CF69971001B5BA8 /* ViewController.swift */; };
		869A1EF91CF69971001B5BA8 /* Main.storyboard in Resources */ = {isa = PBXBuildFile; fileRef = 869A1EF71CF69971001B5BA8 /* Main.storyboard */; };
		869A1EFC1CF69971001B5BA8 /* WEB.xcdatamodeld in Sources */ = {isa = PBXBuildFile; fileRef = 869A1EFA1CF69971001B5BA8 /* WEB.xcdatamodeld */; };
		869A1EFE1CF69972001B5BA8 /* Assets.xcassets in Resources */ = {isa = PBXBuildFile; fileRef = 869A1EFD1CF69972001B5BA8 /* Assets.xcassets */; };
		869A1F011CF69972001B5BA8 /* LaunchScreen.storyboard in Resources */ = {isa = PBXBuildFile; fileRef = 869A1EFF1CF69972001B5BA8 /* LaunchScreen.storyboard */; };
		869A1F0C1CF69972001B5BA8 /* WEBTests.swift in Sources */ = {isa = PBXBuildFile; fileRef = 869A1F0B1CF69972001B5BA8 /* WEBTests.swift */; };
		869A1F171CF69972001B5BA8 /* WEBUITests.swift in Sources */ = {isa = PBXBuildFile; fileRef = 869A1F161CF69972001B5BA8 /* WEBUITests.swift */; };
/* End PBXBuildFile section */

/* Begin PBXContainerItemProxy section */
		869A1F081CF69972001B5BA8 /* PBXContainerItemProxy */ = {
			isa = PBXContainerItemProxy;
			containerPortal = 869A1EE81CF69971001B5BA8 /* Project object */;
			proxyType = 1;
			remoteGlobalIDString = 869A1EEF1CF69971001B5BA8;
			remoteInfo = WEB;
		};
		869A1F131CF69972001B5BA8 /* PBXContainerItemProxy */ = {
			isa = PBXContainerItemProxy;
			containerPortal = 869A1EE81CF69971001B5BA8 /* Project object */;
			proxyType = 1;
			remoteGlobalIDString = 869A1EEF1CF69971001B5BA8;
			remoteInfo = WEB;
		};
/* End PBXContainerItemProxy section */

/* Begin PBXFileReference section */
		869A1EF01CF69971001B5BA8 /* WEB.app */ = {isa = PBXFileReference; explicitFileType = wrapper.application; includeInIndex = 0; path = WEB.app; sourceTree = BUILT_PRODUCTS_DIR; };
		869A1EF31CF69971001B5BA8 /* AppDelegate.swift */ = {isa = PBXFileReference; lastKnownFileType = sourcecode.swift; path = AppDelegate.swift; sourceTree = "<group>"; };
		869A1EF51CF69971001B5BA8 /* ViewController.swift */ = {isa = PBXFileReference; lastKnownFileType = sourcecode.swift; path = ViewController.swift; sourceTree = "<group>"; };
		869A1EF81CF69971001B5BA8 /* Base */ = {isa = PBXFileReference; lastKnownFileType = file.storyboard; name = Base; path = Base.lproj/Main.storyboard; sourceTree = "<group>"; };
		869A1EFB1CF69971001B5BA8 /* WEB.xcdatamodel */ = {isa = PBXFileReference; lastKnownFileType = wrapper.xcdatamodel; path = WEB.xcdatamodel; sourceTree = "<group>"; };
		869A1EFD1CF69972001B5BA8 /* Assets.xcassets */ = {isa = PBXFileReference; lastKnownFileType = folder.assetcatalog; path = Assets.xcassets; sourceTree = "<group>"; };
		869A1F001CF69972001B5BA8 /* Base */ = {isa = PBXFileReference; lastKnownFileType = file.storyboard; name = Base; path = Base.lproj/LaunchScreen.storyboard; sourceTree = "<group>"; };
		869A1F021CF69972001B5BA8 /* Info.plist */ = {isa = PBXFileReference; lastKnownFileType = text.plist.xml; path = Info.plist; sourceTree = "<group>"; };
		869A1F071CF69972001B5BA8 /* WEBTests.xctest */ = {isa = PBXFileReference; explicitFileType = wrapper.cfbundle; includeInIndex = 0; path = WEBTests.xctest; sourceTree = BUILT_PRODUCTS_DIR; };
		869A1F0B1CF69972001B5BA8 /* WEBTests.swift */ = {isa = PBXFileReference; lastKnownFileType = sourcecode.swift; path = WEBTests.swift; sourceTree = "<group>"; };
		869A1F0D1CF69972001B5BA8 /* Info.plist */ = {isa = PBXFileReference; lastKnownFileType = text.plist.xml; path = Info.plist; sourceTree = "<group>"; };
		869A1F121CF69972001B5BA8 /* WEBUITests.xctest */ = {isa = PBXFileReference; explicitFileType = wrapper.cfbundle; includeInIndex = 0; path = WEBUITests.xctest; sourceTree = BUILT_PRODUCTS_DIR; };
		869A1F161CF69972001B5BA8 /* WEBUITests.swift */ = {isa = PBXFileReference; lastKnownFileType = sourcecode.swift; path = WEBUITests.swift; sourceTree = "<group>"; };
		869A1F181CF69972001B5BA8 /* Info.plist */ = {isa = PBXFileReference; lastKnownFileType = text.plist.xml; path = Info.plist; sourceTree = "<group>"; };
/* End PBXFileReference section */

/* Begin PBXFrameworksBuildPhase section */
		869A1EED1CF69971001B5BA8 /* Frameworks */ = {
			isa = PBXFrameworksBuildPhase;
			buildActionMask = 2147483647;
			files = (
			);
			runOnlyForDeploymentPostprocessing = 0;
		};
		869A1F041CF69972001B5BA8 /* Frameworks */ = {
			isa = PBXFrameworksBuildPhase;
			buildActionMask = 2147483647;
			files = (
			);
			runOnlyForDeploymentPostprocessing = 0;
		};
		869A1F0F1CF69972001B5BA8 /* Frameworks */ = {
			isa = PBXFrameworksBuildPhase;
			buildActionMask = 2147483647;
			files = (
			);
			runOnlyForDeploymentPostprocessing = 0;
		};
/* End PBXFrameworksBuildPhase section */

/* Begin PBXGroup section */
		869A1EE71CF69971001B5BA8 = {
			isa = PBXGroup;
			children = (
				869A1EF21CF69971001B5BA8 /* WEB */,
				869A1F0A1CF69972001B5BA8 /* WEBTests */,
				869A1F151CF69972001B5BA8 /* WEBUITests */,
				869A1EF11CF69971001B5BA8 /* Products */,
			);
			sourceTree = "<group>";
		};
		869A1EF11CF69971001B5BA8 /* Products */ = {
			isa = PBXGroup;
			children = (
				869A1EF01CF69971001B5BA8 /* WEB.app */,
				869A1F071CF69972001B5BA8 /* WEBTests.xctest */,
				869A1F121CF69972001B5BA8 /* WEBUITests.xctest */,
			);
			name = Products;
			sourceTree = "<group>";
		};
		869A1EF21CF69971001B5BA8 /* WEB */ = {
			isa = PBXGroup;
			children = (
				869A1EF31CF69971001B5BA8 /* AppDelegate.swift */,
				869A1EF51CF69971001B5BA8 /* ViewController.swift */,
				869A1EF71CF69971001B5BA8 /* Main.storyboard */,
				869A1EFD1CF69972001B5BA8 /* Assets.xcassets */,
				869A1EFF1CF69972001B5BA8 /* LaunchScreen.storyboard */,
				869A1F021CF69972001B5BA8 /* Info.plist */,
				869A1EFA1CF69971001B5BA8 /* WEB.xcdatamodeld */,
			);
			path = WEB;
			sourceTree = "<group>";
		};
		869A1F0A1CF69972001B5BA8 /* WEBTests */ = {
			isa = PBXGroup;
			children = (
				869A1F0B1CF69972001B5BA8 /* WEBTests.swift */,
				869A1F0D1CF69972001B5BA8 /* Info.plist */,
			);
			path = WEBTests;
			sourceTree = "<group>";
		};
		869A1F151CF69972001B5BA8 /* WEBUITests */ = {
			isa = PBXGroup;
			children = (
				869A1F161CF69972001B5BA8 /* WEBUITests.swift */,
				869A1F181CF69972001B5BA8 /* Info.plist */,
			);
			path = WEBUITests;
			sourceTree = "<group>";
		};
/* End PBXGroup section */

/* Begin PBXNativeTarget section */
		869A1EEF1CF69971001B5BA8 /* WEB */ = {
			isa = PBXNativeTarget;
			buildConfigurationList = 869A1F1B1CF69972001B5BA8 /* Build configuration list for PBXNativeTarget "WEB" */;
			buildPhases = (
				869A1EEC1CF69971001B5BA8 /* Sources */,
				869A1EED1CF69971001B5BA8 /* Frameworks */,
				869A1EEE1CF69971001B5BA8 /* Resources */,
			);
			buildRules = (
			);
			dependencies = (
			);
			name = WEB;
			productName = WEB;
			productReference = 869A1EF01CF69971001B5BA8 /* WEB.app */;
			productType = "com.apple.product-type.application";
		};
		869A1F061CF69972001B5BA8 /* WEBTests */ = {
			isa = PBXNativeTarget;
			buildConfigurationList = 869A1F1E1CF69972001B5BA8 /* Build configuration list for PBXNativeTarget "WEBTests" */;
			buildPhases = (
				869A1F031CF69972001B5BA8 /* Sources */,
				869A1F041CF69972001B5BA8 /* Frameworks */,
				869A1F051CF69972001B5BA8 /* Resources */,
			);
			buildRules = (
			);
			dependencies = (
				869A1F091CF69972001B5BA8 /* PBXTargetDependency */,
			);
			name = WEBTests;
			productName = WEBTests;
			productReference = 869A1F071CF69972001B5BA8 /* WEBTests.xctest */;
			productType = "com.apple.product-type.bundle.unit-test";
		};
		869A1F111CF69972001B5BA8 /* WEBUITests */ = {
			isa = PBXNativeTarget;
			buildConfigurationList = 869A1F211CF69972001B5BA8 /* Build configuration list for PBXNativeTarget "WEBUITests" */;
			buildPhases = (
				869A1F0E1CF69972001B5BA8 /* Sources */,
				869A1F0F1CF69972001B5BA8 /* Frameworks */,
				869A1F101CF69972001B5BA8 /* Resources */,
			);
			buildRules = (
			);
			dependencies = (
				869A1F141CF69972001B5BA8 /* PBXTargetDependency */,
			);
			name = WEBUITests;
			productName = WEBUITests;
			productReference = 869A1F121CF69972001B5BA8 /* WEBUITests.xctest */;
			productType = "com.apple.product-type.bundle.ui-testing";
		};
/* End PBXNativeTarget section */

/* Begin PBXProject section */
		869A1EE81CF69971001B5BA8 /* Project object */ = {
			isa = PBXProject;
			attributes = {
				LastUpgradeCheck = 0710;
				ORGANIZATIONNAME = "20131105805李建青";
				TargetAttributes = {
					869A1EEF1CF69971001B5BA8 = {
						CreatedOnToolsVersion = 7.1;
					};
					869A1F061CF69972001B5BA8 = {
						CreatedOnToolsVersion = 7.1;
						TestTargetID = 869A1EEF1CF69971001B5BA8;
					};
					869A1F111CF69972001B5BA8 = {
						CreatedOnToolsVersion = 7.1;
						TestTargetID = 869A1EEF1CF69971001B5BA8;
					};
				};
			};
			buildConfigurationList = 869A1EEB1CF69971001B5BA8 /* Build configuration list for PBXProject "WEB" */;
			compatibilityVersion = "Xcode 3.2";
			developmentRegion = English;
			hasScannedForEncodings = 0;
			knownRegions = (
				en,
				Base,
			);
			mainGroup = 869A1EE71CF69971001B5BA8;
			productRefGroup = 869A1EF11CF69971001B5BA8 /* Products */;
			projectDirPath = "";
			projectRoot = "";
			targets = (
				869A1EEF1CF69971001B5BA8 /* WEB */,
				869A1F061CF69972001B5BA8 /* WEBTests */,
				869A1F111CF69972001B5BA8 /* WEBUITests */,
			);
		};
/* End PBXProject section */

/* Begin PBXResourcesBuildPhase section */
		869A1EEE1CF69971001B5BA8 /* Resources */ = {
			isa = PBXResourcesBuildPhase;
			buildActionMask = 2147483647;
			files = (
				869A1F011CF69972001B5BA8 /* LaunchScreen.storyboard in Resources */,
				869A1EFE1CF69972001B5BA8 /* Assets.xcassets in Resources */,
				869A1EF91CF69971001B5BA8 /* Main.storyboard in Resources */,
			);
			runOnlyForDeploymentPostprocessing = 0;
		};
		869A1F051CF69972001B5BA8 /* Resources */ = {
			isa = PBXResourcesBuildPhase;
			buildActionMask = 2147483647;
			files = (
			);
			runOnlyForDeploymentPostprocessing = 0;
		};
		869A1F101CF69972001B5BA8 /* Resources */ = {
			isa = PBXResourcesBuildPhase;
			buildActionMask = 2147483647;
			files = (
			);
			runOnlyForDeploymentPostprocessing = 0;
		};
/* End PBXResourcesBuildPhase section */

/* Begin PBXSourcesBuildPhase section */
		869A1EEC1CF69971001B5BA8 /* Sources */ = {
			isa = PBXSourcesBuildPhase;
			buildActionMask = 2147483647;
			files = (
				869A1EF61CF69971001B5BA8 /* ViewController.swift in Sources */,
				869A1EF41CF69971001B5BA8 /* AppDelegate.swift in Sources */,
				869A1EFC1CF69971001B5BA8 /* WEB.xcdatamodeld in Sources */,
			);
			runOnlyForDeploymentPostprocessing = 0;
		};
		869A1F031CF69972001B5BA8 /* Sources */ = {
			isa = PBXSourcesBuildPhase;
			buildActionMask = 2147483647;
			files = (
				869A1F0C1CF69972001B5BA8 /* WEBTests.swift in Sources */,
			);
			runOnlyForDeploymentPostprocessing = 0;
		};
		869A1F0E1CF69972001B5BA8 /* Sources */ = {
			isa = PBXSourcesBuildPhase;
			buildActionMask = 2147483647;
			files = (
				869A1F171CF69972001B5BA8 /* WEBUITests.swift in Sources */,
			);
			runOnlyForDeploymentPostprocessing = 0;
		};
/* End PBXSourcesBuildPhase section */

/* Begin PBXTargetDependency section */
		869A1F091CF69972001B5BA8 /* PBXTargetDependency */ = {
			isa = PBXTargetDependency;
			target = 869A1EEF1CF69971001B5BA8 /* WEB */;
			targetProxy = 869A1F081CF69972001B5BA8 /* PBXContainerItemProxy */;
		};
		869A1F141CF69972001B5BA8 /* PBXTargetDependency */ = {
			isa = PBXTargetDependency;
			target = 869A1EEF1CF69971001B5BA8 /* WEB */;
			targetProxy = 869A1F131CF69972001B5BA8 /* PBXContainerItemProxy */;
		};
/* End PBXTargetDependency section */

/* Begin PBXVariantGroup section */
		869A1EF71CF69971001B5BA8 /* Main.storyboard */ = {
			isa = PBXVariantGroup;
			children = (
				869A1EF81CF69971001B5BA8 /* Base */,
			);
			name = Main.storyboard;
			sourceTree = "<group>";
		};
		869A1EFF1CF69972001B5BA8 /* LaunchScreen.storyboard */ = {
			isa = PBXVariantGroup;
			children = (
				869A1F001CF69972001B5BA8 /* Base */,
			);
			name = LaunchScreen.storyboard;
			sourceTree = "<group>";
		};
/* End PBXVariantGroup section */

/* Begin XCBuildConfiguration section */
		869A1F191CF69972001B5BA8 /* Debug */ = {
			isa = XCBuildConfiguration;
			buildSettings = {
				ALWAYS_SEARCH_USER_PATHS = NO;
				CLANG_CXX_LANGUAGE_STANDARD = "gnu++0x";
				CLANG_CXX_LIBRARY = "libc++";
				CLANG_ENABLE_MODULES = YES;
				CLANG_ENABLE_OBJC_ARC = YES;
				CLANG_WARN_BOOL_CONVERSION = YES;
				CLANG_WARN_CONSTANT_CONVERSION = YES;
				CLANG_WARN_DIRECT_OBJC_ISA_USAGE = YES_ERROR;
				CLANG_WARN_EMPTY_BODY = YES;
				CLANG_WARN_ENUM_CONVERSION = YES;
				CLANG_WARN_INT_CONVERSION = YES;
				CLANG_WARN_OBJC_ROOT_CLASS = YES_ERROR;
				CLANG_WARN_UNREACHABLE_CODE = YES;
				CLANG_WARN__DUPLICATE_METHOD_MATCH = YES;
				"CODE_SIGN_IDENTITY[sdk=iphoneos*]" = "iPhone Developer";
				COPY_PHASE_STRIP = NO;
				DEBUG_INFORMATION_FORMAT = dwarf;
				ENABLE_STRICT_OBJC_MSGSEND = YES;
				ENABLE_TESTABILITY = YES;
				GCC_C_LANGUAGE_STANDARD = gnu99;
				GCC_DYNAMIC_NO_PIC = NO;
				GCC_NO_COMMON_BLOCKS = YES;
				GCC_OPTIMIZATION_LEVEL = 0;
				GCC_PREPROCESSOR_DEFINITIONS = (
					"DEBUG=1",
					"$(inherited)",
				);
				GCC_WARN_64_TO_32_BIT_CONVERSION = YES;
				GCC_WARN_ABOUT_RETURN_TYPE = YES_ERROR;
				GCC_WARN_UNDECLARED_SELECTOR = YES;
				GCC_WARN_UNINITIALIZED_AUTOS = YES_AGGRESSIVE;
				GCC_WARN_UNUSED_FUNCTION = YES;
				GCC_WARN_UNUSED_VARIABLE = YES;
				IPHONEOS_DEPLOYMENT_TARGET = 9.1;
				MTL_ENABLE_DEBUG_INFO = YES;
				ONLY_ACTIVE_ARCH = YES;
				SDKROOT = iphoneos;
				SWIFT_OPTIMIZATION_LEVEL = "-Onone";
				TARGETED_DEVICE_FAMILY = "1,2";
			};
			name = Debug;
		};
		869A1F1A1CF69972001B5BA8 /* Release */ = {
			isa = XCBuildConfiguration;
			buildSettings = {
				ALWAYS_SEARCH_USER_PATHS = NO;
				CLANG_CXX_LANGUAGE_STANDARD = "gnu++0x";
				CLANG_CXX_LIBRARY = "libc++";
				CLANG_ENABLE_MODULES = YES;
				CLANG_ENABLE_OBJC_ARC = YES;
				CLANG_WARN_BOOL_CONVERSION = YES;
				CLANG_WARN_CONSTANT_CONVERSION = YES;
				CLANG_WARN_DIRECT_OBJC_ISA_USAGE = YES_ERROR;
				CLANG_WARN_EMPTY_BODY = YES;
				CLANG_WARN_ENUM_CONVERSION = YES;
				CLANG_WARN_INT_CONVERSION = YES;
				CLANG_WARN_OBJC_ROOT_CLASS = YES_ERROR;
				CLANG_WARN_UNREACHABLE_CODE = YES;
				CLANG_WARN__DUPLICATE_METHOD_MATCH = YES;
				"CODE_SIGN_IDENTITY[sdk=iphoneos*]" = "iPhone Developer";
				COPY_PHASE_STRIP = NO;
				DEBUG_INFORMATION_FORMAT = "dwarf-with-dsym";
				ENABLE_NS_ASSERTIONS = NO;
				ENABLE_STRICT_OBJC_MSGSEND = YES;
				GCC_C_LANGUAGE_STANDARD = gnu99;
				GCC_NO_COMMON_BLOCKS = YES;
				GCC_WARN_64_TO_32_BIT_CONVERSION = YES;
				GCC_WARN_ABOUT_RETURN_TYPE = YES_ERROR;
				GCC_WARN_UNDECLARED_SELECTOR = YES;
				GCC_WARN_UNINITIALIZED_AUTOS = YES_AGGRESSIVE;
				GCC_WARN_UNUSED_FUNCTION = YES;
				GCC_WARN_UNUSED_VARIABLE = YES;
				IPHONEOS_DEPLOYMENT_TARGET = 9.1;
				MTL_ENABLE_DEBUG_INFO = NO;
				SDKROOT = iphoneos;
				TARGETED_DEVICE_FAMILY = "1,2";
				VALIDATE_PRODUCT = YES;
			};
			name = Release;
		};
		869A1F1C1CF69972001B5BA8 /* Debug */ = {
			isa = XCBuildConfiguration;
			buildSettings = {
				ASSETCATALOG_COMPILER_APPICON_NAME = AppIcon;
				INFOPLIST_FILE = WEB/Info.plist;
				LD_RUNPATH_SEARCH_PATHS = "$(inherited) @executable_path/Frameworks";
				PRODUCT_BUNDLE_IDENTIFIER = www.souhu.com.WEB;
				PRODUCT_NAME = "$(TARGET_NAME)";
			};
			name = Debug;
		};
		869A1F1D1CF69972001B5BA8 /* Release */ = {
			isa = XCBuildConfiguration;
			buildSettings = {
				ASSETCATALOG_COMPILER_APPICON_NAME = AppIcon;
				INFOPLIST_FILE = WEB/Info.plist;
				LD_RUNPATH_SEARCH_PATHS = "$(inherited) @executable_path/Frameworks";
				PRODUCT_BUNDLE_IDENTIFIER = www.souhu.com.WEB;
				PRODUCT_NAME = "$(TARGET_NAME)";
			};
			name = Release;
		};
		869A1F1F1CF69972001B5BA8 /* Debug */ = {
			isa = XCBuildConfiguration;
			buildSettings = {
				BUNDLE_LOADER = "$(TEST_HOST)";
				INFOPLIST_FILE = WEBTests/Info.plist;
				LD_RUNPATH_SEARCH_PATHS = "$(inherited) @executable_path/Frameworks @loader_path/Frameworks";
				PRODUCT_BUNDLE_IDENTIFIER = www.souhu.com.WEBTests;
				PRODUCT_NAME = "$(TARGET_NAME)";
				TEST_HOST = "$(BUILT_PRODUCTS_DIR)/WEB.app/WEB";
			};
			name = Debug;
		};
		869A1F201CF69972001B5BA8 /* Release */ = {
			isa = XCBuildConfiguration;
			buildSettings = {
				BUNDLE_LOADER = "$(TEST_HOST)";
				INFOPLIST_FILE = WEBTests/Info.plist;
				LD_RUNPATH_SEARCH_PATHS = "$(inherited) @executable_path/Frameworks @loader_path/Frameworks";
				PRODUCT_BUNDLE_IDENTIFIER = www.souhu.com.WEBTests;
				PRODUCT_NAME = "$(TARGET_NAME)";
				TEST_HOST = "$(BUILT_PRODUCTS_DIR)/WEB.app/WEB";
			};
			name = Release;
		};
		869A1F221CF69972001B5BA8 /* Debug */ = {
			isa = XCBuildConfiguration;
			buildSettings = {
				INFOPLIST_FILE = WEBUITests/Info.plist;
				LD_RUNPATH_SEARCH_PATHS = "$(inherited) @executable_path/Frameworks @loader_path/Frameworks";
				PRODUCT_BUNDLE_IDENTIFIER = www.souhu.com.WEBUITests;
				PRODUCT_NAME = "$(TARGET_NAME)";
				TEST_TARGET_NAME = WEB;
				USES_XCTRUNNER = YES;
			};
			name = Debug;
		};
		869A1F231CF69972001B5BA8 /* Release */ = {
			isa = XCBuildConfiguration;
			buildSettings = {
				INFOPLIST_FILE = WEBUITests/Info.plist;
				LD_RUNPATH_SEARCH_PATHS = "$(inherited) @executable_path/Frameworks @loader_path/Frameworks";
				PRODUCT_BUNDLE_IDENTIFIER = www.souhu.com.WEBUITests;
				PRODUCT_NAME = "$(TARGET_NAME)";
				TEST_TARGET_NAME = WEB;
				USES_XCTRUNNER = YES;
			};
			name = Release;
		};
/* End XCBuildConfiguration section */

/* Begin XCConfigurationList section */
		869A1EEB1CF69971001B5BA8 /* Build configuration list for PBXProject "WEB" */ = {
			isa = XCConfigurationList;
			buildConfigurations = (
				869A1F191CF69972001B5BA8 /* Debug */,
				869A1F1A1CF69972001B5BA8 /* Release */,
			);
			defaultConfigurationIsVisible = 0;
			defaultConfigurationName = Release;
		};
		869A1F1B1CF69972001B5BA8 /* Build configuration list for PBXNativeTarget "WEB" */ = {
			isa = XCConfigurationList;
			buildConfigurations = (
				869A1F1C1CF69972001B5BA8 /* Debug */,
				869A1F1D1CF69972001B5BA8 /* Release */,
			);
			defaultConfigurationIsVisible = 0;
		};
		869A1F1E1CF69972001B5BA8 /* Build configuration list for PBXNativeTarget "WEBTests" */ = {
			isa = XCConfigurationList;
			buildConfigurations = (
				869A1F1F1CF69972001B5BA8 /* Debug */,
				869A1F201CF69972001B5BA8 /* Release */,
			);
			defaultConfigurationIsVisible = 0;
		};
		869A1F211CF69972001B5BA8 /* Build configuration list for PBXNativeTarget "WEBUITests" */ = {
			isa = XCConfigurationList;
			buildConfigurations = (
				869A1F221CF69972001B5BA8 /* Debug */,
				869A1F231CF69972001B5BA8 /* Release */,
			);
			defaultConfigurationIsVisible = 0;
		};
/* End XCConfigurationList section */

/* Begin XCVersionGroup section */
		869A1EFA1CF69971001B5BA8 /* WEB.xcdatamodeld */ = {
			isa = XCVersionGroup;
			children = (
				869A1EFB1CF69971001B5BA8 /* WEB.xcdatamodel */,
			);
			currentVersion = 869A1EFB1CF69971001B5BA8 /* WEB.xcdatamodel */;
			path = WEB.xcdatamodeld;
			sourceTree = "<group>";
			versionGroupType = wrapper.xcdatamodel;
		};
/* End XCVersionGroup section */
	};
	rootObject = 869A1EE81CF69971001B5BA8 /* Project object */;
}
