// !$*UTF8*$!
{
	archiveVersion = 1;
	classes = {
	};
	objectVersion = 46;
	objects = {

/* Begin PBXBuildFile section */
		8683775E1CE9F6D000E4C0E8 /* AppDelegate.swift in Sources */ = {isa = PBXBuildFile; fileRef = 8683775D1CE9F6D000E4C0E8 /* AppDelegate.swift */; };
		868377601CE9F6D000E4C0E8 /* ViewController.swift in Sources */ = {isa = PBXBuildFile; fileRef = 8683775F1CE9F6D000E4C0E8 /* ViewController.swift */; };
		868377631CE9F6D000E4C0E8 /* Main.storyboard in Resources */ = {isa = PBXBuildFile; fileRef = 868377611CE9F6D000E4C0E8 /* Main.storyboard */; };
		868377661CE9F6D000E4C0E8 /* web.xcdatamodeld in Sources */ = {isa = PBXBuildFile; fileRef = 868377641CE9F6D000E4C0E8 /* web.xcdatamodeld */; };
		868377681CE9F6D000E4C0E8 /* Assets.xcassets in Resources */ = {isa = PBXBuildFile; fileRef = 868377671CE9F6D000E4C0E8 /* Assets.xcassets */; };
		8683776B1CE9F6D000E4C0E8 /* LaunchScreen.storyboard in Resources */ = {isa = PBXBuildFile; fileRef = 868377691CE9F6D000E4C0E8 /* LaunchScreen.storyboard */; };
		868377761CE9F6D000E4C0E8 /* webTests.swift in Sources */ = {isa = PBXBuildFile; fileRef = 868377751CE9F6D000E4C0E8 /* webTests.swift */; };
		868377811CE9F6D000E4C0E8 /* webUITests.swift in Sources */ = {isa = PBXBuildFile; fileRef = 868377801CE9F6D000E4C0E8 /* webUITests.swift */; };
/* End PBXBuildFile section */

/* Begin PBXContainerItemProxy section */
		868377721CE9F6D000E4C0E8 /* PBXContainerItemProxy */ = {
			isa = PBXContainerItemProxy;
			containerPortal = 868377521CE9F6D000E4C0E8 /* Project object */;
			proxyType = 1;
			remoteGlobalIDString = 868377591CE9F6D000E4C0E8;
			remoteInfo = web;
		};
		8683777D1CE9F6D000E4C0E8 /* PBXContainerItemProxy */ = {
			isa = PBXContainerItemProxy;
			containerPortal = 868377521CE9F6D000E4C0E8 /* Project object */;
			proxyType = 1;
			remoteGlobalIDString = 868377591CE9F6D000E4C0E8;
			remoteInfo = web;
		};
/* End PBXContainerItemProxy section */

/* Begin PBXFileReference section */
		8683775A1CE9F6D000E4C0E8 /* web.app */ = {isa = PBXFileReference; explicitFileType = wrapper.application; includeInIndex = 0; path = web.app; sourceTree = BUILT_PRODUCTS_DIR; };
		8683775D1CE9F6D000E4C0E8 /* AppDelegate.swift */ = {isa = PBXFileReference; lastKnownFileType = sourcecode.swift; path = AppDelegate.swift; sourceTree = "<group>"; };
		8683775F1CE9F6D000E4C0E8 /* ViewController.swift */ = {isa = PBXFileReference; lastKnownFileType = sourcecode.swift; path = ViewController.swift; sourceTree = "<group>"; };
		868377621CE9F6D000E4C0E8 /* Base */ = {isa = PBXFileReference; lastKnownFileType = file.storyboard; name = Base; path = Base.lproj/Main.storyboard; sourceTree = "<group>"; };
		868377651CE9F6D000E4C0E8 /* web.xcdatamodel */ = {isa = PBXFileReference; lastKnownFileType = wrapper.xcdatamodel; path = web.xcdatamodel; sourceTree = "<group>"; };
		868377671CE9F6D000E4C0E8 /* Assets.xcassets */ = {isa = PBXFileReference; lastKnownFileType = folder.assetcatalog; path = Assets.xcassets; sourceTree = "<group>"; };
		8683776A1CE9F6D000E4C0E8 /* Base */ = {isa = PBXFileReference; lastKnownFileType = file.storyboard; name = Base; path = Base.lproj/LaunchScreen.storyboard; sourceTree = "<group>"; };
		8683776C1CE9F6D000E4C0E8 /* Info.plist */ = {isa = PBXFileReference; lastKnownFileType = text.plist.xml; path = Info.plist; sourceTree = "<group>"; };
		868377711CE9F6D000E4C0E8 /* webTests.xctest */ = {isa = PBXFileReference; explicitFileType = wrapper.cfbundle; includeInIndex = 0; path = webTests.xctest; sourceTree = BUILT_PRODUCTS_DIR; };
		868377751CE9F6D000E4C0E8 /* webTests.swift */ = {isa = PBXFileReference; lastKnownFileType = sourcecode.swift; path = webTests.swift; sourceTree = "<group>"; };
		868377771CE9F6D000E4C0E8 /* Info.plist */ = {isa = PBXFileReference; lastKnownFileType = text.plist.xml; path = Info.plist; sourceTree = "<group>"; };
		8683777C1CE9F6D000E4C0E8 /* webUITests.xctest */ = {isa = PBXFileReference; explicitFileType = wrapper.cfbundle; includeInIndex = 0; path = webUITests.xctest; sourceTree = BUILT_PRODUCTS_DIR; };
		868377801CE9F6D000E4C0E8 /* webUITests.swift */ = {isa = PBXFileReference; lastKnownFileType = sourcecode.swift; path = webUITests.swift; sourceTree = "<group>"; };
		868377821CE9F6D000E4C0E8 /* Info.plist */ = {isa = PBXFileReference; lastKnownFileType = text.plist.xml; path = Info.plist; sourceTree = "<group>"; };
/* End PBXFileReference section */

/* Begin PBXFrameworksBuildPhase section */
		868377571CE9F6D000E4C0E8 /* Frameworks */ = {
			isa = PBXFrameworksBuildPhase;
			buildActionMask = 2147483647;
			files = (
			);
			runOnlyForDeploymentPostprocessing = 0;
		};
		8683776E1CE9F6D000E4C0E8 /* Frameworks */ = {
			isa = PBXFrameworksBuildPhase;
			buildActionMask = 2147483647;
			files = (
			);
			runOnlyForDeploymentPostprocessing = 0;
		};
		868377791CE9F6D000E4C0E8 /* Frameworks */ = {
			isa = PBXFrameworksBuildPhase;
			buildActionMask = 2147483647;
			files = (
			);
			runOnlyForDeploymentPostprocessing = 0;
		};
/* End PBXFrameworksBuildPhase section */

/* Begin PBXGroup section */
		868377511CE9F6D000E4C0E8 = {
			isa = PBXGroup;
			children = (
				8683775C1CE9F6D000E4C0E8 /* web */,
				868377741CE9F6D000E4C0E8 /* webTests */,
				8683777F1CE9F6D000E4C0E8 /* webUITests */,
				8683775B1CE9F6D000E4C0E8 /* Products */,
			);
			sourceTree = "<group>";
		};
		8683775B1CE9F6D000E4C0E8 /* Products */ = {
			isa = PBXGroup;
			children = (
				8683775A1CE9F6D000E4C0E8 /* web.app */,
				868377711CE9F6D000E4C0E8 /* webTests.xctest */,
				8683777C1CE9F6D000E4C0E8 /* webUITests.xctest */,
			);
			name = Products;
			sourceTree = "<group>";
		};
		8683775C1CE9F6D000E4C0E8 /* web */ = {
			isa = PBXGroup;
			children = (
				8683775D1CE9F6D000E4C0E8 /* AppDelegate.swift */,
				8683775F1CE9F6D000E4C0E8 /* ViewController.swift */,
				868377611CE9F6D000E4C0E8 /* Main.storyboard */,
				868377671CE9F6D000E4C0E8 /* Assets.xcassets */,
				868377691CE9F6D000E4C0E8 /* LaunchScreen.storyboard */,
				8683776C1CE9F6D000E4C0E8 /* Info.plist */,
				868377641CE9F6D000E4C0E8 /* web.xcdatamodeld */,
			);
			path = web;
			sourceTree = "<group>";
		};
		868377741CE9F6D000E4C0E8 /* webTests */ = {
			isa = PBXGroup;
			children = (
				868377751CE9F6D000E4C0E8 /* webTests.swift */,
				868377771CE9F6D000E4C0E8 /* Info.plist */,
			);
			path = webTests;
			sourceTree = "<group>";
		};
		8683777F1CE9F6D000E4C0E8 /* webUITests */ = {
			isa = PBXGroup;
			children = (
				868377801CE9F6D000E4C0E8 /* webUITests.swift */,
				868377821CE9F6D000E4C0E8 /* Info.plist */,
			);
			path = webUITests;
			sourceTree = "<group>";
		};
/* End PBXGroup section */

/* Begin PBXNativeTarget section */
		868377591CE9F6D000E4C0E8 /* web */ = {
			isa = PBXNativeTarget;
			buildConfigurationList = 868377851CE9F6D000E4C0E8 /* Build configuration list for PBXNativeTarget "web" */;
			buildPhases = (
				868377561CE9F6D000E4C0E8 /* Sources */,
				868377571CE9F6D000E4C0E8 /* Frameworks */,
				868377581CE9F6D000E4C0E8 /* Resources */,
			);
			buildRules = (
			);
			dependencies = (
			);
			name = web;
			productName = web;
			productReference = 8683775A1CE9F6D000E4C0E8 /* web.app */;
			productType = "com.apple.product-type.application";
		};
		868377701CE9F6D000E4C0E8 /* webTests */ = {
			isa = PBXNativeTarget;
			buildConfigurationList = 868377881CE9F6D000E4C0E8 /* Build configuration list for PBXNativeTarget "webTests" */;
			buildPhases = (
				8683776D1CE9F6D000E4C0E8 /* Sources */,
				8683776E1CE9F6D000E4C0E8 /* Frameworks */,
				8683776F1CE9F6D000E4C0E8 /* Resources */,
			);
			buildRules = (
			);
			dependencies = (
				868377731CE9F6D000E4C0E8 /* PBXTargetDependency */,
			);
			name = webTests;
			productName = webTests;
			productReference = 868377711CE9F6D000E4C0E8 /* webTests.xctest */;
			productType = "com.apple.product-type.bundle.unit-test";
		};
		8683777B1CE9F6D000E4C0E8 /* webUITests */ = {
			isa = PBXNativeTarget;
			buildConfigurationList = 8683778B1CE9F6D000E4C0E8 /* Build configuration list for PBXNativeTarget "webUITests" */;
			buildPhases = (
				868377781CE9F6D000E4C0E8 /* Sources */,
				868377791CE9F6D000E4C0E8 /* Frameworks */,
				8683777A1CE9F6D000E4C0E8 /* Resources */,
			);
			buildRules = (
			);
			dependencies = (
				8683777E1CE9F6D000E4C0E8 /* PBXTargetDependency */,
			);
			name = webUITests;
			productName = webUITests;
			productReference = 8683777C1CE9F6D000E4C0E8 /* webUITests.xctest */;
			productType = "com.apple.product-type.bundle.ui-testing";
		};
/* End PBXNativeTarget section */

/* Begin PBXProject section */
		868377521CE9F6D000E4C0E8 /* Project object */ = {
			isa = PBXProject;
			attributes = {
				LastUpgradeCheck = 0710;
				ORGANIZATIONNAME = "20131105805李建青";
				TargetAttributes = {
					868377591CE9F6D000E4C0E8 = {
						CreatedOnToolsVersion = 7.1;
					};
					868377701CE9F6D000E4C0E8 = {
						CreatedOnToolsVersion = 7.1;
						TestTargetID = 868377591CE9F6D000E4C0E8;
					};
					8683777B1CE9F6D000E4C0E8 = {
						CreatedOnToolsVersion = 7.1;
						TestTargetID = 868377591CE9F6D000E4C0E8;
					};
				};
			};
			buildConfigurationList = 868377551CE9F6D000E4C0E8 /* Build configuration list for PBXProject "web" */;
			compatibilityVersion = "Xcode 3.2";
			developmentRegion = English;
			hasScannedForEncodings = 0;
			knownRegions = (
				en,
				Base,
			);
			mainGroup = 868377511CE9F6D000E4C0E8;
			productRefGroup = 8683775B1CE9F6D000E4C0E8 /* Products */;
			projectDirPath = "";
			projectRoot = "";
			targets = (
				868377591CE9F6D000E4C0E8 /* web */,
				868377701CE9F6D000E4C0E8 /* webTests */,
				8683777B1CE9F6D000E4C0E8 /* webUITests */,
			);
		};
/* End PBXProject section */

/* Begin PBXResourcesBuildPhase section */
		868377581CE9F6D000E4C0E8 /* Resources */ = {
			isa = PBXResourcesBuildPhase;
			buildActionMask = 2147483647;
			files = (
				8683776B1CE9F6D000E4C0E8 /* LaunchScreen.storyboard in Resources */,
				868377681CE9F6D000E4C0E8 /* Assets.xcassets in Resources */,
				868377631CE9F6D000E4C0E8 /* Main.storyboard in Resources */,
			);
			runOnlyForDeploymentPostprocessing = 0;
		};
		8683776F1CE9F6D000E4C0E8 /* Resources */ = {
			isa = PBXResourcesBuildPhase;
			buildActionMask = 2147483647;
			files = (
			);
			runOnlyForDeploymentPostprocessing = 0;
		};
		8683777A1CE9F6D000E4C0E8 /* Resources */ = {
			isa = PBXResourcesBuildPhase;
			buildActionMask = 2147483647;
			files = (
			);
			runOnlyForDeploymentPostprocessing = 0;
		};
/* End PBXResourcesBuildPhase section */

/* Begin PBXSourcesBuildPhase section */
		868377561CE9F6D000E4C0E8 /* Sources */ = {
			isa = PBXSourcesBuildPhase;
			buildActionMask = 2147483647;
			files = (
				868377601CE9F6D000E4C0E8 /* ViewController.swift in Sources */,
				868377661CE9F6D000E4C0E8 /* web.xcdatamodeld in Sources */,
				8683775E1CE9F6D000E4C0E8 /* AppDelegate.swift in Sources */,
			);
			runOnlyForDeploymentPostprocessing = 0;
		};
		8683776D1CE9F6D000E4C0E8 /* Sources */ = {
			isa = PBXSourcesBuildPhase;
			buildActionMask = 2147483647;
			files = (
				868377761CE9F6D000E4C0E8 /* webTests.swift in Sources */,
			);
			runOnlyForDeploymentPostprocessing = 0;
		};
		868377781CE9F6D000E4C0E8 /* Sources */ = {
			isa = PBXSourcesBuildPhase;
			buildActionMask = 2147483647;
			files = (
				868377811CE9F6D000E4C0E8 /* webUITests.swift in Sources */,
			);
			runOnlyForDeploymentPostprocessing = 0;
		};
/* End PBXSourcesBuildPhase section */

/* Begin PBXTargetDependency section */
		868377731CE9F6D000E4C0E8 /* PBXTargetDependency */ = {
			isa = PBXTargetDependency;
			target = 868377591CE9F6D000E4C0E8 /* web */;
			targetProxy = 868377721CE9F6D000E4C0E8 /* PBXContainerItemProxy */;
		};
		8683777E1CE9F6D000E4C0E8 /* PBXTargetDependency */ = {
			isa = PBXTargetDependency;
			target = 868377591CE9F6D000E4C0E8 /* web */;
			targetProxy = 8683777D1CE9F6D000E4C0E8 /* PBXContainerItemProxy */;
		};
/* End PBXTargetDependency section */

/* Begin PBXVariantGroup section */
		868377611CE9F6D000E4C0E8 /* Main.storyboard */ = {
			isa = PBXVariantGroup;
			children = (
				868377621CE9F6D000E4C0E8 /* Base */,
			);
			name = Main.storyboard;
			sourceTree = "<group>";
		};
		868377691CE9F6D000E4C0E8 /* LaunchScreen.storyboard */ = {
			isa = PBXVariantGroup;
			children = (
				8683776A1CE9F6D000E4C0E8 /* Base */,
			);
			name = LaunchScreen.storyboard;
			sourceTree = "<group>";
		};
/* End PBXVariantGroup section */

/* Begin XCBuildConfiguration section */
		868377831CE9F6D000E4C0E8 /* Debug */ = {
			isa = XCBuildConfiguration;
			buildSettings = {
				ALWAYS_SEARCH_USER_PATHS = NO;
				CLANG_CXX_LANGUAGE_STANDARD = "gnu++0x";
				CLANG_CXX_LIBRARY = "libc++";
				CLANG_ENABLE_MODULES = YES;
				CLANG_ENABLE_OBJC_ARC = YES;
				CLANG_WARN_BOOL_CONVERSION = YES;
				CLANG_WARN_CONSTANT_CONVERSION = YES;
				CLANG_WARN_DIRECT_OBJC_ISA_USAGE = YES_ERROR;
				CLANG_WARN_EMPTY_BODY = YES;
				CLANG_WARN_ENUM_CONVERSION = YES;
				CLANG_WARN_INT_CONVERSION = YES;
				CLANG_WARN_OBJC_ROOT_CLASS = YES_ERROR;
				CLANG_WARN_UNREACHABLE_CODE = YES;
				CLANG_WARN__DUPLICATE_METHOD_MATCH = YES;
				"CODE_SIGN_IDENTITY[sdk=iphoneos*]" = "iPhone Developer";
				COPY_PHASE_STRIP = NO;
				DEBUG_INFORMATION_FORMAT = dwarf;
				ENABLE_STRICT_OBJC_MSGSEND = YES;
				ENABLE_TESTABILITY = YES;
				GCC_C_LANGUAGE_STANDARD = gnu99;
				GCC_DYNAMIC_NO_PIC = NO;
				GCC_NO_COMMON_BLOCKS = YES;
				GCC_OPTIMIZATION_LEVEL = 0;
				GCC_PREPROCESSOR_DEFINITIONS = (
					"DEBUG=1",
					"$(inherited)",
				);
				GCC_WARN_64_TO_32_BIT_CONVERSION = YES;
				GCC_WARN_ABOUT_RETURN_TYPE = YES_ERROR;
				GCC_WARN_UNDECLARED_SELECTOR = YES;
				GCC_WARN_UNINITIALIZED_AUTOS = YES_AGGRESSIVE;
				GCC_WARN_UNUSED_FUNCTION = YES;
				GCC_WARN_UNUSED_VARIABLE = YES;
				IPHONEOS_DEPLOYMENT_TARGET = 9.1;
				MTL_ENABLE_DEBUG_INFO = YES;
				ONLY_ACTIVE_ARCH = YES;
				SDKROOT = iphoneos;
				SWIFT_OPTIMIZATION_LEVEL = "-Onone";
				TARGETED_DEVICE_FAMILY = "1,2";
			};
			name = Debug;
		};
		868377841CE9F6D000E4C0E8 /* Release */ = {
			isa = XCBuildConfiguration;
			buildSettings = {
				ALWAYS_SEARCH_USER_PATHS = NO;
				CLANG_CXX_LANGUAGE_STANDARD = "gnu++0x";
				CLANG_CXX_LIBRARY = "libc++";
				CLANG_ENABLE_MODULES = YES;
				CLANG_ENABLE_OBJC_ARC = YES;
				CLANG_WARN_BOOL_CONVERSION = YES;
				CLANG_WARN_CONSTANT_CONVERSION = YES;
				CLANG_WARN_DIRECT_OBJC_ISA_USAGE = YES_ERROR;
				CLANG_WARN_EMPTY_BODY = YES;
				CLANG_WARN_ENUM_CONVERSION = YES;
				CLANG_WARN_INT_CONVERSION = YES;
				CLANG_WARN_OBJC_ROOT_CLASS = YES_ERROR;
				CLANG_WARN_UNREACHABLE_CODE = YES;
				CLANG_WARN__DUPLICATE_METHOD_MATCH = YES;
				"CODE_SIGN_IDENTITY[sdk=iphoneos*]" = "iPhone Developer";
				COPY_PHASE_STRIP = NO;
				DEBUG_INFORMATION_FORMAT = "dwarf-with-dsym";
				ENABLE_NS_ASSERTIONS = NO;
				ENABLE_STRICT_OBJC_MSGSEND = YES;
				GCC_C_LANGUAGE_STANDARD = gnu99;
				GCC_NO_COMMON_BLOCKS = YES;
				GCC_WARN_64_TO_32_BIT_CONVERSION = YES;
				GCC_WARN_ABOUT_RETURN_TYPE = YES_ERROR;
				GCC_WARN_UNDECLARED_SELECTOR = YES;
				GCC_WARN_UNINITIALIZED_AUTOS = YES_AGGRESSIVE;
				GCC_WARN_UNUSED_FUNCTION = YES;
				GCC_WARN_UNUSED_VARIABLE = YES;
				IPHONEOS_DEPLOYMENT_TARGET = 9.1;
				MTL_ENABLE_DEBUG_INFO = NO;
				SDKROOT = iphoneos;
				TARGETED_DEVICE_FAMILY = "1,2";
				VALIDATE_PRODUCT = YES;
			};
			name = Release;
		};
		868377861CE9F6D000E4C0E8 /* Debug */ = {
			isa = XCBuildConfiguration;
			buildSettings = {
				ASSETCATALOG_COMPILER_APPICON_NAME = AppIcon;
				INFOPLIST_FILE = web/Info.plist;
				LD_RUNPATH_SEARCH_PATHS = "$(inherited) @executable_path/Frameworks";
				PRODUCT_BUNDLE_IDENTIFIER = www.souhu.com.web;
				PRODUCT_NAME = "$(TARGET_NAME)";
			};
			name = Debug;
		};
		868377871CE9F6D000E4C0E8 /* Release */ = {
			isa = XCBuildConfiguration;
			buildSettings = {
				ASSETCATALOG_COMPILER_APPICON_NAME = AppIcon;
				INFOPLIST_FILE = web/Info.plist;
				LD_RUNPATH_SEARCH_PATHS = "$(inherited) @executable_path/Frameworks";
				PRODUCT_BUNDLE_IDENTIFIER = www.souhu.com.web;
				PRODUCT_NAME = "$(TARGET_NAME)";
			};
			name = Release;
		};
		868377891CE9F6D000E4C0E8 /* Debug */ = {
			isa = XCBuildConfiguration;
			buildSettings = {
				BUNDLE_LOADER = "$(TEST_HOST)";
				INFOPLIST_FILE = webTests/Info.plist;
				LD_RUNPATH_SEARCH_PATHS = "$(inherited) @executable_path/Frameworks @loader_path/Frameworks";
				PRODUCT_BUNDLE_IDENTIFIER = www.souhu.com.webTests;
				PRODUCT_NAME = "$(TARGET_NAME)";
				TEST_HOST = "$(BUILT_PRODUCTS_DIR)/web.app/web";
			};
			name = Debug;
		};
		8683778A1CE9F6D000E4C0E8 /* Release */ = {
			isa = XCBuildConfiguration;
			buildSettings = {
				BUNDLE_LOADER = "$(TEST_HOST)";
				INFOPLIST_FILE = webTests/Info.plist;
				LD_RUNPATH_SEARCH_PATHS = "$(inherited) @executable_path/Frameworks @loader_path/Frameworks";
				PRODUCT_BUNDLE_IDENTIFIER = www.souhu.com.webTests;
				PRODUCT_NAME = "$(TARGET_NAME)";
				TEST_HOST = "$(BUILT_PRODUCTS_DIR)/web.app/web";
			};
			name = Release;
		};
		8683778C1CE9F6D000E4C0E8 /* Debug */ = {
			isa = XCBuildConfiguration;
			buildSettings = {
				INFOPLIST_FILE = webUITests/Info.plist;
				LD_RUNPATH_SEARCH_PATHS = "$(inherited) @executable_path/Frameworks @loader_path/Frameworks";
				PRODUCT_BUNDLE_IDENTIFIER = www.souhu.com.webUITests;
				PRODUCT_NAME = "$(TARGET_NAME)";
				TEST_TARGET_NAME = web;
				USES_XCTRUNNER = YES;
			};
			name = Debug;
		};
		8683778D1CE9F6D000E4C0E8 /* Release */ = {
			isa = XCBuildConfiguration;
			buildSettings = {
				INFOPLIST_FILE = webUITests/Info.plist;
				LD_RUNPATH_SEARCH_PATHS = "$(inherited) @executable_path/Frameworks @loader_path/Frameworks";
				PRODUCT_BUNDLE_IDENTIFIER = www.souhu.com.webUITests;
				PRODUCT_NAME = "$(TARGET_NAME)";
				TEST_TARGET_NAME = web;
				USES_XCTRUNNER = YES;
			};
			name = Release;
		};
/* End XCBuildConfiguration section */

/* Begin XCConfigurationList section */
		868377551CE9F6D000E4C0E8 /* Build configuration list for PBXProject "web" */ = {
			isa = XCConfigurationList;
			buildConfigurations = (
				868377831CE9F6D000E4C0E8 /* Debug */,
				868377841CE9F6D000E4C0E8 /* Release */,
			);
			defaultConfigurationIsVisible = 0;
			defaultConfigurationName = Release;
		};
		868377851CE9F6D000E4C0E8 /* Build configuration list for PBXNativeTarget "web" */ = {
			isa = XCConfigurationList;
			buildConfigurations = (
				868377861CE9F6D000E4C0E8 /* Debug */,
				868377871CE9F6D000E4C0E8 /* Release */,
			);
			defaultConfigurationIsVisible = 0;
		};
		868377881CE9F6D000E4C0E8 /* Build configuration list for PBXNativeTarget "webTests" */ = {
			isa = XCConfigurationList;
			buildConfigurations = (
				868377891CE9F6D000E4C0E8 /* Debug */,
				8683778A1CE9F6D000E4C0E8 /* Release */,
			);
			defaultConfigurationIsVisible = 0;
		};
		8683778B1CE9F6D000E4C0E8 /* Build configuration list for PBXNativeTarget "webUITests" */ = {
			isa = XCConfigurationList;
			buildConfigurations = (
				8683778C1CE9F6D000E4C0E8 /* Debug */,
				8683778D1CE9F6D000E4C0E8 /* Release */,
			);
			defaultConfigurationIsVisible = 0;
		};
/* End XCConfigurationList section */

/* Begin XCVersionGroup section */
		868377641CE9F6D000E4C0E8 /* web.xcdatamodeld */ = {
			isa = XCVersionGroup;
			children = (
				868377651CE9F6D000E4C0E8 /* web.xcdatamodel */,
			);
			currentVersion = 868377651CE9F6D000E4C0E8 /* web.xcdatamodel */;
			path = web.xcdatamodeld;
			sourceTree = "<group>";
			versionGroupType = wrapper.xcdatamodel;
		};
/* End XCVersionGroup section */
	};
	rootObject = 868377521CE9F6D000E4C0E8 /* Project object */;
}
